
Microsoft Visual Studio Solution File, Format Version 12.00
# Visual Studio Version 17
VisualStudioVersion = 17.6.33712.159
MinimumVisualStudioVersion = 10.0.40219.1
Project("{9A19103F-16F7-4668-BE54-9A1E7A4F7556}") = "WinUtil", "WinUtil\WinUtil.csproj", "{4409DDB5-8E7E-4B0A-ACDF-BA66D71CD058}"
EndProject
Project("{9A19103F-16F7-4668-BE54-9A1E7A4F7556}") = "YACUF", "..\YACUF\YACUF.csproj", "{FC88A07D-5D41-47A4-BDA6-25544712C829}"
EndProject
Global
	GlobalSection(SolutionConfigurationPlatforms) = preSolution
		Debug|Any CPU = Debug|Any CPU
		Release|Any CPU = Release|Any CPU
	EndGlobalSection
	GlobalSection(ProjectConfigurationPlatforms) = postSolution
		{4409DDB5-8E7E-4B0A-ACDF-BA66D71CD058}.Debug|Any CPU.ActiveCfg = Debug|Any CPU
		{4409DDB5-8E7E-4B0A-ACDF-BA66D71CD058}.Debug|Any CPU.Build.0 = Debug|Any CPU
		{4409DDB5-8E7E-4B0A-ACDF-BA66D71CD058}.Release|Any CPU.ActiveCfg = Release|Any CPU
		{4409DDB5-8E7E-4B0A-ACDF-BA66D71CD058}.Release|Any CPU.Build.0 = Release|Any CPU
		{FC88A07D-5D41-47A4-BDA6-25544712C829}.Debug|Any CPU.ActiveCfg = Debug|Any CPU
		{FC88A07D-5D41-47A4-BDA6-25544712C829}.Debug|Any CPU.Build.0 = Debug|Any CPU
		{FC88A07D-5D41-47A4-BDA6-25544712C829}.Release|Any CPU.ActiveCfg = Release|Any CPU
		{FC88A07D-5D41-47A4-BDA6-25544712C829}.Release|Any CPU.Build.0 = Release|Any CPU
	EndGlobalSection
	GlobalSection(SolutionProperties) = preSolution
		HideSolutionNode = FALSE
	EndGlobalSection
	GlobalSection(ExtensibilityGlobals) = postSolution
		SolutionGuid = {7E11324A-976F-4986-AFAB-71D79FC0EC52}
	EndGlobalSection
EndGlobal
